
Microsoft Visual Studio Solution File, Format Version 12.00
# Visual Studio Version 17
VisualStudioVersion = 17.5.33424.131
MinimumVisualStudioVersion = 10.0.40219.1
Project("{FAE04EC0-301F-11D3-BF4B-00C04F79EFBC}") = "BotLongPollingSample", "BotLongPollingSample\BotLongPollingSample.csproj", "{DB3D26C4-92DD-4C48-BFD0-1977ADA12F5D}"
EndProject
Global
	GlobalSection(SolutionConfigurationPlatforms) = preSolution
		Debug|Any CPU = Debug|Any CPU
		Release|Any CPU = Release|Any CPU
	EndGlobalSection
	GlobalSection(ProjectConfigurationPlatforms) = postSolution
		{DB3D26C4-92DD-4C48-BFD0-1977ADA12F5D}.Debug|Any CPU.ActiveCfg = Debug|Any CPU
		{DB3D26C4-92DD-4C48-BFD0-1977ADA12F5D}.Debug|Any CPU.Build.0 = Debug|Any CPU
		{DB3D26C4-92DD-4C48-BFD0-1977ADA12F5D}.Release|Any CPU.ActiveCfg = Release|Any CPU
		{DB3D26C4-92DD-4C48-BFD0-1977ADA12F5D}.Release|Any CPU.Build.0 = Release|Any CPU
	EndGlobalSection
	GlobalSection(SolutionProperties) = preSolution
		HideSolutionNode = FALSE
	EndGlobalSection
	GlobalSection(ExtensibilityGlobals) = postSolution
		SolutionGuid = {ECA9E776-7533-4C8F-9C3A-B656D59BC37D}
	EndGlobalSection
EndGlobal
